
Microsoft Visual Studio Solution File, Format Version 12.00
# Visual Studio Version 17
VisualStudioVersion = 17.2.32317.152
MinimumVisualStudioVersion = 10.0.40219.1
Project("{9A19103F-16F7-4668-BE54-9A1E7A4F7556}") = "RegexFileSearchReplace", "RegexFileSearchReplace.csproj", "{6DD2DAF0-A343-4ABC-AEAE-A56FBD1CE84E}"
EndProject
Global
	GlobalSection(SolutionConfigurationPlatforms) = preSolution
		Debug|Any CPU = Debug|Any CPU
		Release|Any CPU = Release|Any CPU
	EndGlobalSection
	GlobalSection(ProjectConfigurationPlatforms) = postSolution
		{6DD2DAF0-A343-4ABC-AEAE-A56FBD1CE84E}.Debug|Any CPU.ActiveCfg = Debug|Any CPU
		{6DD2DAF0-A343-4ABC-AEAE-A56FBD1CE84E}.Debug|Any CPU.Build.0 = Debug|Any CPU
		{6DD2DAF0-A343-4ABC-AEAE-A56FBD1CE84E}.Release|Any CPU.ActiveCfg = Release|Any CPU
		{6DD2DAF0-A343-4ABC-AEAE-A56FBD1CE84E}.Release|Any CPU.Build.0 = Release|Any CPU
	EndGlobalSection
	GlobalSection(SolutionProperties) = preSolution
		HideSolutionNode = FALSE
	EndGlobalSection
	GlobalSection(ExtensibilityGlobals) = postSolution
		SolutionGuid = {C31CDADB-16A3-425D-876A-1C956BD29D9D}
	EndGlobalSection
EndGlobal
